
Microsoft Visual Studio Solution File, Format Version 12.00
# Visual Studio Version 17
VisualStudioVersion = 17.5.33530.505
MinimumVisualStudioVersion = 10.0.40219.1
Project("{FAE04EC0-301F-11D3-BF4B-00C04F79EFBC}") = "Conversores", "ConvertorDivisa\Conversores.csproj", "{04DADE5F-A12B-41D4-A2A5-B36E7231F532}"
EndProject
Global
	GlobalSection(SolutionConfigurationPlatforms) = preSolution
		Debug|Any CPU = Debug|Any CPU
		Release|Any CPU = Release|Any CPU
	EndGlobalSection
	GlobalSection(ProjectConfigurationPlatforms) = postSolution
		{04DADE5F-A12B-41D4-A2A5-B36E7231F532}.Debug|Any CPU.ActiveCfg = Debug|Any CPU
		{04DADE5F-A12B-41D4-A2A5-B36E7231F532}.Debug|Any CPU.Build.0 = Debug|Any CPU
		{04DADE5F-A12B-41D4-A2A5-B36E7231F532}.Release|Any CPU.ActiveCfg = Release|Any CPU
		{04DADE5F-A12B-41D4-A2A5-B36E7231F532}.Release|Any CPU.Build.0 = Release|Any CPU
	EndGlobalSection
	GlobalSection(SolutionProperties) = preSolution
		HideSolutionNode = FALSE
	EndGlobalSection
	GlobalSection(ExtensibilityGlobals) = postSolution
		SolutionGuid = {7EDF1601-19AA-4986-B0EA-AD23BF364484}
	EndGlobalSection
EndGlobal
